
Microsoft Visual Studio Solution File, Format Version 12.00
# Visual Studio 14
VisualStudioVersion = 14.0.25123.0
MinimumVisualStudioVersion = 10.0.40219.1
Project("{8BC9CEB8-8B4A-11D0-8D11-00A0C91BC942}") = "Graphics", "Graphics.vcxproj", "{07893C13-B0F9-406A-8464-5B3A926B1F27}"
EndProject
Project("{8BC9CEB8-8B4A-11D0-8D11-00A0C91BC942}") = "01-HelloTriangle", "tests\01-HelloTriangle\01-HelloTriangle.vcxproj", "{B7A7F007-39D5-49FC-AD6D-31158E3666E4}"
	ProjectSection(ProjectDependencies) = postProject
		{07893C13-B0F9-406A-8464-5B3A926B1F27} = {07893C13-B0F9-406A-8464-5B3A926B1F27}
	EndProjectSection
EndProject
Project("{8BC9CEB8-8B4A-11D0-8D11-00A0C91BC942}") = "02-UniTex", "tests\02-UniTex\02-UniTex.vcxproj", "{9EBAA6C6-31BE-48FA-83BE-0E608EB37FDB}"
	ProjectSection(ProjectDependencies) = postProject
		{07893C13-B0F9-406A-8464-5B3A926B1F27} = {07893C13-B0F9-406A-8464-5B3A926B1F27}
	EndProjectSection
EndProject
Project("{8BC9CEB8-8B4A-11D0-8D11-00A0C91BC942}") = "03-TDraw", "tests\03-TDraw\03-TDraw.vcxproj", "{421FB319-5580-4BE9-920C-E88C97D1AC28}"
	ProjectSection(ProjectDependencies) = postProject
		{07893C13-B0F9-406A-8464-5B3A926B1F27} = {07893C13-B0F9-406A-8464-5B3A926B1F27}
	EndProjectSection
EndProject
Project("{8BC9CEB8-8B4A-11D0-8D11-00A0C91BC942}") = "04-FromDisk", "tests\o4-FromDisk\o4-FromDisk.vcxproj", "{A8C02F89-3209-45B1-A554-E336C536DD25}"
	ProjectSection(ProjectDependencies) = postProject
		{07893C13-B0F9-406A-8464-5B3A926B1F27} = {07893C13-B0F9-406A-8464-5B3A926B1F27}
	EndProjectSection
EndProject
Project("{8BC9CEB8-8B4A-11D0-8D11-00A0C91BC942}") = "Shaders", "resources\Shaders\Shaders.vcxproj", "{C61927BB-1D4C-49D0-9FBA-7CC2ED9A459A}"
	ProjectSection(ProjectDependencies) = postProject
		{07893C13-B0F9-406A-8464-5B3A926B1F27} = {07893C13-B0F9-406A-8464-5B3A926B1F27}
	EndProjectSection
EndProject
Project("{8BC9CEB8-8B4A-11D0-8D11-00A0C91BC942}") = "05-MVP", "tests\05-MVP\05-MVP.vcxproj", "{266A8B08-34AB-48F1-BD97-784858681ED5}"
	ProjectSection(ProjectDependencies) = postProject
		{07893C13-B0F9-406A-8464-5B3A926B1F27} = {07893C13-B0F9-406A-8464-5B3A926B1F27}
	EndProjectSection
EndProject
Project("{8BC9CEB8-8B4A-11D0-8D11-00A0C91BC942}") = "06-Lights", "tests\06-Lights\06-Lights.vcxproj", "{F5F8850C-3B9E-4A59-8331-9C64A9417919}"
	ProjectSection(ProjectDependencies) = postProject
		{07893C13-B0F9-406A-8464-5B3A926B1F27} = {07893C13-B0F9-406A-8464-5B3A926B1F27}
	EndProjectSection
EndProject
Project("{8BC9CEB8-8B4A-11D0-8D11-00A0C91BC942}") = "07-Materials", "tests\07-Materials\07-Materials.vcxproj", "{78A5FDCB-491C-4DFC-ACBC-2CA98C2D2812}"
	ProjectSection(ProjectDependencies) = postProject
		{07893C13-B0F9-406A-8464-5B3A926B1F27} = {07893C13-B0F9-406A-8464-5B3A926B1F27}
	EndProjectSection
EndProject
Global
	GlobalSection(SolutionConfigurationPlatforms) = preSolution
		Debug|x64 = Debug|x64
		Debug|x86 = Debug|x86
		Release|x64 = Release|x64
		Release|x86 = Release|x86
	EndGlobalSection
	GlobalSection(ProjectConfigurationPlatforms) = postSolution
		{07893C13-B0F9-406A-8464-5B3A926B1F27}.Debug|x64.ActiveCfg = Debug|x64
		{07893C13-B0F9-406A-8464-5B3A926B1F27}.Debug|x64.Build.0 = Debug|x64
		{07893C13-B0F9-406A-8464-5B3A926B1F27}.Debug|x86.ActiveCfg = Debug|Win32
		{07893C13-B0F9-406A-8464-5B3A926B1F27}.Debug|x86.Build.0 = Debug|Win32
		{07893C13-B0F9-406A-8464-5B3A926B1F27}.Release|x64.ActiveCfg = Release|x64
		{07893C13-B0F9-406A-8464-5B3A926B1F27}.Release|x64.Build.0 = Release|x64
		{07893C13-B0F9-406A-8464-5B3A926B1F27}.Release|x86.ActiveCfg = Release|Win32
		{07893C13-B0F9-406A-8464-5B3A926B1F27}.Release|x86.Build.0 = Release|Win32
		{B7A7F007-39D5-49FC-AD6D-31158E3666E4}.Debug|x64.ActiveCfg = Debug|x64
		{B7A7F007-39D5-49FC-AD6D-31158E3666E4}.Debug|x64.Build.0 = Debug|x64
		{B7A7F007-39D5-49FC-AD6D-31158E3666E4}.Debug|x86.ActiveCfg = Debug|Win32
		{B7A7F007-39D5-49FC-AD6D-31158E3666E4}.Debug|x86.Build.0 = Debug|Win32
		{B7A7F007-39D5-49FC-AD6D-31158E3666E4}.Release|x64.ActiveCfg = Release|x64
		{B7A7F007-39D5-49FC-AD6D-31158E3666E4}.Release|x64.Build.0 = Release|x64
		{B7A7F007-39D5-49FC-AD6D-31158E3666E4}.Release|x86.ActiveCfg = Release|Win32
		{B7A7F007-39D5-49FC-AD6D-31158E3666E4}.Release|x86.Build.0 = Release|Win32
		{9EBAA6C6-31BE-48FA-83BE-0E608EB37FDB}.Debug|x64.ActiveCfg = Debug|x64
		{9EBAA6C6-31BE-48FA-83BE-0E608EB37FDB}.Debug|x64.Build.0 = Debug|x64
		{9EBAA6C6-31BE-48FA-83BE-0E608EB37FDB}.Debug|x86.ActiveCfg = Debug|Win32
		{9EBAA6C6-31BE-48FA-83BE-0E608EB37FDB}.Debug|x86.Build.0 = Debug|Win32
		{9EBAA6C6-31BE-48FA-83BE-0E608EB37FDB}.Release|x64.ActiveCfg = Release|x64
		{9EBAA6C6-31BE-48FA-83BE-0E608EB37FDB}.Release|x64.Build.0 = Release|x64
		{9EBAA6C6-31BE-48FA-83BE-0E608EB37FDB}.Release|x86.ActiveCfg = Release|Win32
		{9EBAA6C6-31BE-48FA-83BE-0E608EB37FDB}.Release|x86.Build.0 = Release|Win32
		{421FB319-5580-4BE9-920C-E88C97D1AC28}.Debug|x64.ActiveCfg = Debug|x64
		{421FB319-5580-4BE9-920C-E88C97D1AC28}.Debug|x64.Build.0 = Debug|x64
		{421FB319-5580-4BE9-920C-E88C97D1AC28}.Debug|x86.ActiveCfg = Debug|Win32
		{421FB319-5580-4BE9-920C-E88C97D1AC28}.Debug|x86.Build.0 = Debug|Win32
		{421FB319-5580-4BE9-920C-E88C97D1AC28}.Release|x64.ActiveCfg = Release|x64
		{421FB319-5580-4BE9-920C-E88C97D1AC28}.Release|x64.Build.0 = Release|x64
		{421FB319-5580-4BE9-920C-E88C97D1AC28}.Release|x86.ActiveCfg = Release|Win32
		{421FB319-5580-4BE9-920C-E88C97D1AC28}.Release|x86.Build.0 = Release|Win32
		{A8C02F89-3209-45B1-A554-E336C536DD25}.Debug|x64.ActiveCfg = Debug|x64
		{A8C02F89-3209-45B1-A554-E336C536DD25}.Debug|x64.Build.0 = Debug|x64
		{A8C02F89-3209-45B1-A554-E336C536DD25}.Debug|x86.ActiveCfg = Debug|Win32
		{A8C02F89-3209-45B1-A554-E336C536DD25}.Debug|x86.Build.0 = Debug|Win32
		{A8C02F89-3209-45B1-A554-E336C536DD25}.Release|x64.ActiveCfg = Release|x64
		{A8C02F89-3209-45B1-A554-E336C536DD25}.Release|x64.Build.0 = Release|x64
		{A8C02F89-3209-45B1-A554-E336C536DD25}.Release|x86.ActiveCfg = Release|Win32
		{A8C02F89-3209-45B1-A554-E336C536DD25}.Release|x86.Build.0 = Release|Win32
		{C61927BB-1D4C-49D0-9FBA-7CC2ED9A459A}.Debug|x64.ActiveCfg = Debug|x64
		{C61927BB-1D4C-49D0-9FBA-7CC2ED9A459A}.Debug|x64.Build.0 = Debug|x64
		{C61927BB-1D4C-49D0-9FBA-7CC2ED9A459A}.Debug|x86.ActiveCfg = Debug|Win32
		{C61927BB-1D4C-49D0-9FBA-7CC2ED9A459A}.Debug|x86.Build.0 = Debug|Win32
		{C61927BB-1D4C-49D0-9FBA-7CC2ED9A459A}.Release|x64.ActiveCfg = Release|x64
		{C61927BB-1D4C-49D0-9FBA-7CC2ED9A459A}.Release|x64.Build.0 = Release|x64
		{C61927BB-1D4C-49D0-9FBA-7CC2ED9A459A}.Release|x86.ActiveCfg = Release|Win32
		{C61927BB-1D4C-49D0-9FBA-7CC2ED9A459A}.Release|x86.Build.0 = Release|Win32
		{266A8B08-34AB-48F1-BD97-784858681ED5}.Debug|x64.ActiveCfg = Debug|x64
		{266A8B08-34AB-48F1-BD97-784858681ED5}.Debug|x64.Build.0 = Debug|x64
		{266A8B08-34AB-48F1-BD97-784858681ED5}.Debug|x86.ActiveCfg = Debug|Win32
		{266A8B08-34AB-48F1-BD97-784858681ED5}.Debug|x86.Build.0 = Debug|Win32
		{266A8B08-34AB-48F1-BD97-784858681ED5}.Release|x64.ActiveCfg = Release|x64
		{266A8B08-34AB-48F1-BD97-784858681ED5}.Release|x64.Build.0 = Release|x64
		{266A8B08-34AB-48F1-BD97-784858681ED5}.Release|x86.ActiveCfg = Release|Win32
		{266A8B08-34AB-48F1-BD97-784858681ED5}.Release|x86.Build.0 = Release|Win32
		{F5F8850C-3B9E-4A59-8331-9C64A9417919}.Debug|x64.ActiveCfg = Debug|x64
		{F5F8850C-3B9E-4A59-8331-9C64A9417919}.Debug|x64.Build.0 = Debug|x64
		{F5F8850C-3B9E-4A59-8331-9C64A9417919}.Debug|x86.ActiveCfg = Debug|Win32
		{F5F8850C-3B9E-4A59-8331-9C64A9417919}.Debug|x86.Build.0 = Debug|Win32
		{F5F8850C-3B9E-4A59-8331-9C64A9417919}.Release|x64.ActiveCfg = Release|x64
		{F5F8850C-3B9E-4A59-8331-9C64A9417919}.Release|x64.Build.0 = Release|x64
		{F5F8850C-3B9E-4A59-8331-9C64A9417919}.Release|x86.ActiveCfg = Release|Win32
		{F5F8850C-3B9E-4A59-8331-9C64A9417919}.Release|x86.Build.0 = Release|Win32
		{78A5FDCB-491C-4DFC-ACBC-2CA98C2D2812}.Debug|x64.ActiveCfg = Debug|x64
		{78A5FDCB-491C-4DFC-ACBC-2CA98C2D2812}.Debug|x64.Build.0 = Debug|x64
		{78A5FDCB-491C-4DFC-ACBC-2CA98C2D2812}.Debug|x86.ActiveCfg = Debug|Win32
		{78A5FDCB-491C-4DFC-ACBC-2CA98C2D2812}.Debug|x86.Build.0 = Debug|Win32
		{78A5FDCB-491C-4DFC-ACBC-2CA98C2D2812}.Release|x64.ActiveCfg = Release|x64
		{78A5FDCB-491C-4DFC-ACBC-2CA98C2D2812}.Release|x64.Build.0 = Release|x64
		{78A5FDCB-491C-4DFC-ACBC-2CA98C2D2812}.Release|x86.ActiveCfg = Release|Win32
		{78A5FDCB-491C-4DFC-ACBC-2CA98C2D2812}.Release|x86.Build.0 = Release|Win32
	EndGlobalSection
	GlobalSection(SolutionProperties) = preSolution
		HideSolutionNode = FALSE
	EndGlobalSection
EndGlobal
